PODS:
  - Alamofire (5.0.5)
  - ReachabilitySwift (5.2.3)

DEPENDENCIES:
  - Alamofire (~> 5.0.0)
  - ReachabilitySwift (~> 5.2)

SPEC REPOS:
  trunk:
    - Alamofire
    - ReachabilitySwift

SPEC CHECKSUMS:
  Alamofire: df2f8f826963b08b9a870791ad48e07a10090b2e
  ReachabilitySwift: 7f151ff156cea1481a8411701195ac6a984f4979

PODFILE CHECKSUM: 57e73eec2d47d54367163451bd07ffee9ad6a2bb

COCOAPODS: 1.15.2
